// !$*UTF8*$!
{
	archiveVersion = 1;
	classes = {
	};
	objectVersion = 51;
	objects = {

/* Begin PBXBuildFile section */
		02498891D837FF45831DFE9B /* Pods_NyanNyanEngineUITests.framework in Frameworks */ = {isa = PBXBuildFile; fileRef = 5CB14DB9062ED19CFBABD8AA /* Pods_NyanNyanEngineUITests.framework */; };
		084A3E64E6115529C8195800 /* Pods_NyanNyanEngineTests.framework in Frameworks */ = {isa = PBXBuildFile; fileRef = F4077A070BC8D307547E44D6 /* Pods_NyanNyanEngineTests.framework */; };
		670777FE22B61CE30057B457 /* DataSourceFactory.swift in Sources */ = {isa = PBXBuildFile; fileRef = 670777FD22B61CE30057B457 /* DataSourceFactory.swift */; };
		670B66FC229ADF09006DFC73 /* GoogleService-Info-Release.plist in Resources */ = {isa = PBXBuildFile; fileRef = 670B66FB229ADF09006DFC73 /* GoogleService-Info-Release.plist */; };
		670E3979227E4738002318AE /* LoadingStatusRepository.swift in Sources */ = {isa = PBXBuildFile; fileRef = 670E3978227E4738002318AE /* LoadingStatusRepository.swift */; };
		670E397C227E7179002318AE /* DefaultNekosan.swift in Sources */ = {isa = PBXBuildFile; fileRef = 670E397B227E7179002318AE /* DefaultNekosan.swift */; };
		670E397E227FB4F7002318AE /* NekosanConverterTest.swift in Sources */ = {isa = PBXBuildFile; fileRef = 670E397D227FB4F7002318AE /* NekosanConverterTest.swift */; };
		670E3980227FB67C002318AE /* Nekosan.swift in Sources */ = {isa = PBXBuildFile; fileRef = 670E397F227FB67C002318AE /* Nekosan.swift */; };
		6723B286227682F60004FB3D /* JsonDecodeTests.swift in Sources */ = {isa = PBXBuildFile; fileRef = 6723B285227682F60004FB3D /* JsonDecodeTests.swift */; };
		6723B28A2276926B0004FB3D /* User.swift in Sources */ = {isa = PBXBuildFile; fileRef = 6723B2892276926B0004FB3D /* User.swift */; };
		6723B28C2276970A0004FB3D /* Status.swift in Sources */ = {isa = PBXBuildFile; fileRef = 6723B28B2276970A0004FB3D /* Status.swift */; };
		6723B2922277DFD60004FB3D /* HomeTimelineViewModel.swift in Sources */ = {isa = PBXBuildFile; fileRef = 6723B2912277DFD60004FB3D /* HomeTimelineViewModel.swift */; };
		672C882A2283A54B00312408 /* GoogleService-Info.plist in Resources */ = {isa = PBXBuildFile; fileRef = 672C88292283A54A00312408 /* GoogleService-Info.plist */; };
		672FA83E227BE17E00BAB1A7 /* AppDelegateModel.swift in Sources */ = {isa = PBXBuildFile; fileRef = 672FA83D227BE17E00BAB1A7 /* AppDelegateModel.swift */; };
		6734D7F32279803200A19044 /* TweetSummaryCell.swift in Sources */ = {isa = PBXBuildFile; fileRef = 6734D7F22279803200A19044 /* TweetSummaryCell.swift */; };
		67392B0D227AF07900D5E77C /* AuthRepository.swift in Sources */ = {isa = PBXBuildFile; fileRef = 67392B0C227AF07900D5E77C /* AuthRepository.swift */; };
		673E5CBB2337096F000E1A65 /* LogoutCell.swift in Sources */ = {isa = PBXBuildFile; fileRef = 673E5CBA2337096F000E1A65 /* LogoutCell.swift */; };
		673E5CBF23372136000E1A65 /* SettingsSectionHeader.xib in Resources */ = {isa = PBXBuildFile; fileRef = 673E5CBE23372136000E1A65 /* SettingsSectionHeader.xib */; };
		673E5CC123372256000E1A65 /* SettingsSectionHeader.swift in Sources */ = {isa = PBXBuildFile; fileRef = 673E5CC023372256000E1A65 /* SettingsSectionHeader.swift */; };
		674E170E23E6840100EC6FDB /* NekosanRank.swift in Sources */ = {isa = PBXBuildFile; fileRef = 674E170D23E6840100EC6FDB /* NekosanRank.swift */; };
		674E171023E69B0800EC6FDB /* NyanNyanDegree.swift in Sources */ = {isa = PBXBuildFile; fileRef = 674E170F23E69B0800EC6FDB /* NyanNyanDegree.swift */; };
		674E171223E7022400EC6FDB /* NyanNyanDegree+Extension.swift in Sources */ = {isa = PBXBuildFile; fileRef = 674E171123E7022400EC6FDB /* NyanNyanDegree+Extension.swift */; };
		6752A9E024021F990014769D /* ConfigTransitionCell.swift in Sources */ = {isa = PBXBuildFile; fileRef = 6752A9DE24021F990014769D /* ConfigTransitionCell.swift */; };
		6752A9E124021F990014769D /* ConfigTransitionCell.xib in Resources */ = {isa = PBXBuildFile; fileRef = 6752A9DF24021F990014769D /* ConfigTransitionCell.xib */; };
		6754BEC123387EED009C8106 /* LogoutCell.xib in Resources */ = {isa = PBXBuildFile; fileRef = 6754BEC323387EED009C8106 /* LogoutCell.xib */; };
		675A2E1E22E5CB5200290C14 /* TweetSummaryCell.xib in Resources */ = {isa = PBXBuildFile; fileRef = 675A2E1C22E5CB5200290C14 /* TweetSummaryCell.xib */; };
		67666165227527FF004C886C /* AppDelegate.swift in Sources */ = {isa = PBXBuildFile; fileRef = 67666164227527FF004C886C /* AppDelegate.swift */; };
		67666167227527FF004C886C /* HomeTimelineViewController.swift in Sources */ = {isa = PBXBuildFile; fileRef = 67666166227527FF004C886C /* HomeTimelineViewController.swift */; };
		6766616A227527FF004C886C /* Main.storyboard in Resources */ = {isa = PBXBuildFile; fileRef = 67666168227527FF004C886C /* Main.storyboard */; };
		6766616D227527FF004C886C /* NyanNyanEngine.xcdatamodeld in Sources */ = {isa = PBXBuildFile; fileRef = 6766616B227527FF004C886C /* NyanNyanEngine.xcdatamodeld */; };
		6766616F227527FF004C886C /* Assets.xcassets in Resources */ = {isa = PBXBuildFile; fileRef = 6766616E227527FF004C886C /* Assets.xcassets */; };
		67666172227527FF004C886C /* LaunchScreen.storyboard in Resources */ = {isa = PBXBuildFile; fileRef = 67666170227527FF004C886C /* LaunchScreen.storyboard */; };
		67666188227527FF004C886C /* NyanNyanEngineUITests.swift in Sources */ = {isa = PBXBuildFile; fileRef = 67666187227527FF004C886C /* NyanNyanEngineUITests.swift */; };
		6767B0D022791033008913EA /* TweetsRepository.swift in Sources */ = {isa = PBXBuildFile; fileRef = 6767B0CF22791033008913EA /* TweetsRepository.swift */; };
		6767B0D322791745008913EA /* ApiClient.swift in Sources */ = {isa = PBXBuildFile; fileRef = 6767B0D222791745008913EA /* ApiClient.swift */; };
		676ACD1923384C040036F328 /* Account.swift in Sources */ = {isa = PBXBuildFile; fileRef = 676ACD1823384C040036F328 /* Account.swift */; };
		676ACD1B233859BC0036F328 /* AccountCell.xib in Resources */ = {isa = PBXBuildFile; fileRef = 676ACD1A233859BC0036F328 /* AccountCell.xib */; };
		676ACD1D23385B6E0036F328 /* AccountCell.swift in Sources */ = {isa = PBXBuildFile; fileRef = 676ACD1C23385B6E0036F328 /* AccountCell.swift */; };
		676DDFAF232F381D00C65FAD /* LoadingCell.xib in Resources */ = {isa = PBXBuildFile; fileRef = 676DDFAE232F381D00C65FAD /* LoadingCell.xib */; };
		676DDFB4232F49B500C65FAD /* MainViewController.swift in Sources */ = {isa = PBXBuildFile; fileRef = 676DDFB3232F49B500C65FAD /* MainViewController.swift */; };
		676DDFB9232F4C0600C65FAD /* AccountViewController.swift in Sources */ = {isa = PBXBuildFile; fileRef = 676DDFB8232F4C0600C65FAD /* AccountViewController.swift */; };
		6776339E22B60F6500D9CCC3 /* NyanNyanSection.swift in Sources */ = {isa = PBXBuildFile; fileRef = 6776339D22B60F6500D9CCC3 /* NyanNyanSection.swift */; };
		677F5D7C234CD533003296F8 /* MainViewModel.swift in Sources */ = {isa = PBXBuildFile; fileRef = 677F5D7B234CD533003296F8 /* MainViewModel.swift */; };
		678B183B232F766A00671444 /* AccountViewModel.swift in Sources */ = {isa = PBXBuildFile; fileRef = 678B183A232F766A00671444 /* AccountViewModel.swift */; };
		678C6B3E23E531BF00B5F8E9 /* FirebaseClient.swift in Sources */ = {isa = PBXBuildFile; fileRef = 678C6B3D23E531BF00B5F8E9 /* FirebaseClient.swift */; };
		678C6B4423E5764000B5F8E9 /* NyanNyanUser.swift in Sources */ = {isa = PBXBuildFile; fileRef = 678C6B4323E5764000B5F8E9 /* NyanNyanUser.swift */; };
		678C6B4D23E59CFE00B5F8E9 /* AccountAttributeCell.swift in Sources */ = {isa = PBXBuildFile; fileRef = 678C6B4B23E59CFE00B5F8E9 /* AccountAttributeCell.swift */; };
		678C6B4E23E59CFE00B5F8E9 /* AccountAttributeCell.xib in Resources */ = {isa = PBXBuildFile; fileRef = 678C6B4C23E59CFE00B5F8E9 /* AccountAttributeCell.xib */; };
		678E360E229A9E7600CBBCCC /* R.generated.swift in Sources */ = {isa = PBXBuildFile; fileRef = 678E360D229A9E7600CBBCCC /* R.generated.swift */; };
		678E3614229A9F9200CBBCCC /* StringValues.strings in Resources */ = {isa = PBXBuildFile; fileRef = 678E3616229A9F9200CBBCCC /* StringValues.strings */; };
		678E361F229AD6EE00CBBCCC /* InfoPlist.strings in Resources */ = {isa = PBXBuildFile; fileRef = 678E3621229AD6EE00CBBCCC /* InfoPlist.strings */; };
		679A5E60227B1F250043D0E1 /* ApiRequestFactory.swift in Sources */ = {isa = PBXBuildFile; fileRef = 679A5E5F227B1F250043D0E1 /* ApiRequestFactory.swift */; };
		679A5E65227B3B590043D0E1 /* PlistConnector.swift in Sources */ = {isa = PBXBuildFile; fileRef = 679A5E64227B3B590043D0E1 /* PlistConnector.swift */; };
		679A5E67227B3E960043D0E1 /* ApiKeys.plist in Resources */ = {isa = PBXBuildFile; fileRef = 679A5E66227B3E960043D0E1 /* ApiKeys.plist */; };
		67A1AAA2228FF0B700BF640A /* PostNekogoViewModel.swift in Sources */ = {isa = PBXBuildFile; fileRef = 67A1AAA1228FF0B700BF640A /* PostNekogoViewModel.swift */; };
		67B787E522C8427400BDC612 /* LoadingCell.swift in Sources */ = {isa = PBXBuildFile; fileRef = 67B787E422C8427400BDC612 /* LoadingCell.swift */; };
		67D86EE0227FC5DB00965816 /* NyanNyan.swift in Sources */ = {isa = PBXBuildFile; fileRef = 67D86EDF227FC5DB00965816 /* NyanNyan.swift */; };
		67D86EE2227FDE9B00965816 /* TwitterDateFormatter.swift in Sources */ = {isa = PBXBuildFile; fileRef = 67D86EE1227FDE9B00965816 /* TwitterDateFormatter.swift */; };
		67D86EE4227FE20E00965816 /* DateFormatterTest.swift in Sources */ = {isa = PBXBuildFile; fileRef = 67D86EE3227FE20E00965816 /* DateFormatterTest.swift */; };
		67E3C4D4228E2F6900B93E1D /* PostNekogoViewController.swift in Sources */ = {isa = PBXBuildFile; fileRef = 67E3C4D3228E2F6900B93E1D /* PostNekogoViewController.swift */; };
		67F7C6002351E6F10017BAF3 /* Account.storyboard in Resources */ = {isa = PBXBuildFile; fileRef = 67F7C6022351E6F10017BAF3 /* Account.storyboard */; };
		67F7C6052351E7120017BAF3 /* HomeTimeline.storyboard in Resources */ = {isa = PBXBuildFile; fileRef = 67F7C6072351E7120017BAF3 /* HomeTimeline.storyboard */; };
		67F7C60A2351E7650017BAF3 /* PostNekogo.storyboard in Resources */ = {isa = PBXBuildFile; fileRef = 67F7C60C2351E7650017BAF3 /* PostNekogo.storyboard */; };
		67F88C0A227C2484004DF44A /* UserDefaultsConnector.swift in Sources */ = {isa = PBXBuildFile; fileRef = 67F88C09227C2484004DF44A /* UserDefaultsConnector.swift */; };
		A3EF89A62D1B991E9600FCFA /* Pods_NyanNyanEngine.framework in Frameworks */ = {isa = PBXBuildFile; fileRef = 9151EC8B3866FB493C75F6A9 /* Pods_NyanNyanEngine.framework */; };
/* End PBXBuildFile section */

/* Begin PBXContainerItemProxy section */
		67666179227527FF004C886C /* PBXContainerItemProxy */ = {
			isa = PBXContainerItemProxy;
			containerPortal = 67666159227527FF004C886C /* Project object */;
			proxyType = 1;
			remoteGlobalIDString = 67666160227527FF004C886C;
			remoteInfo = NyanNyanEngine;
		};
		67666184227527FF004C886C /* PBXContainerItemProxy */ = {
			isa = PBXContainerItemProxy;
			containerPortal = 67666159227527FF004C886C /* Project object */;
			proxyType = 1;
			remoteGlobalIDString = 67666160227527FF004C886C;
			remoteInfo = NyanNyanEngine;
		};
/* End PBXContainerItemProxy section */

/* Begin PBXFileReference section */
		0F29B6DB666E02B7C3169F94 /* Pods-NyanNyanEngine.debug.xcconfig */ = {isa = PBXFileReference; includeInIndex = 1; lastKnownFileType = text.xcconfig; name = "Pods-NyanNyanEngine.debug.xcconfig"; path = "Pods/Target Support Files/Pods-NyanNyanEngine/Pods-NyanNyanEngine.debug.xcconfig"; sourceTree = "<group>"; };
		2D9B60DCB6563A30CFC41C58 /* Pods-NyanNyanEngineTests.debug.xcconfig */ = {isa = PBXFileReference; includeInIndex = 1; lastKnownFileType = text.xcconfig; name = "Pods-NyanNyanEngineTests.debug.xcconfig"; path = "Pods/Target Support Files/Pods-NyanNyanEngineTests/Pods-NyanNyanEngineTests.debug.xcconfig"; sourceTree = "<group>"; };
		3E8BDD934F4FAE17734D4EDF /* Pods-NyanNyanEngineUITests.release.xcconfig */ = {isa = PBXFileReference; includeInIndex = 1; lastKnownFileType = text.xcconfig; name = "Pods-NyanNyanEngineUITests.release.xcconfig"; path = "Pods/Target Support Files/Pods-NyanNyanEngineUITests/Pods-NyanNyanEngineUITests.release.xcconfig"; sourceTree = "<group>"; };
		45D5095DB642CC4A0D0E048C /* Pods-NyanNyanEngineUITests.debug.xcconfig */ = {isa = PBXFileReference; includeInIndex = 1; lastKnownFileType = text.xcconfig; name = "Pods-NyanNyanEngineUITests.debug.xcconfig"; path = "Pods/Target Support Files/Pods-NyanNyanEngineUITests/Pods-NyanNyanEngineUITests.debug.xcconfig"; sourceTree = "<group>"; };
		5CB14DB9062ED19CFBABD8AA /* Pods_NyanNyanEngineUITests.framework */ = {isa = PBXFileReference; explicitFileType = wrapper.framework; includeInIndex = 0; path = Pods_NyanNyanEngineUITests.framework; sourceTree = BUILT_PRODUCTS_DIR; };
		670777FD22B61CE30057B457 /* DataSourceFactory.swift */ = {isa = PBXFileReference; lastKnownFileType = sourcecode.swift; path = DataSourceFactory.swift; sourceTree = "<group>"; };
		670B66FB229ADF09006DFC73 /* GoogleService-Info-Release.plist */ = {isa = PBXFileReference; fileEncoding = 4; lastKnownFileType = text.plist.xml; path = "GoogleService-Info-Release.plist"; sourceTree = "<group>"; };
		670E3978227E4738002318AE /* LoadingStatusRepository.swift */ = {isa = PBXFileReference; lastKnownFileType = sourcecode.swift; path = LoadingStatusRepository.swift; sourceTree = "<group>"; };
		670E397B227E7179002318AE /* DefaultNekosan.swift */ = {isa = PBXFileReference; lastKnownFileType = sourcecode.swift; path = DefaultNekosan.swift; sourceTree = "<group>"; };
		670E397D227FB4F7002318AE /* NekosanConverterTest.swift */ = {isa = PBXFileReference; lastKnownFileType = sourcecode.swift; path = NekosanConverterTest.swift; sourceTree = "<group>"; };
		670E397F227FB67C002318AE /* Nekosan.swift */ = {isa = PBXFileReference; lastKnownFileType = sourcecode.swift; path = Nekosan.swift; sourceTree = "<group>"; };
		6723B285227682F60004FB3D /* JsonDecodeTests.swift */ = {isa = PBXFileReference; lastKnownFileType = sourcecode.swift; path = JsonDecodeTests.swift; sourceTree = "<group>"; };
		6723B2892276926B0004FB3D /* User.swift */ = {isa = PBXFileReference; lastKnownFileType = sourcecode.swift; path = User.swift; sourceTree = "<group>"; };
		6723B28B2276970A0004FB3D /* Status.swift */ = {isa = PBXFileReference; lastKnownFileType = sourcecode.swift; path = Status.swift; sourceTree = "<group>"; };
		6723B2912277DFD60004FB3D /* HomeTimelineViewModel.swift */ = {isa = PBXFileReference; lastKnownFileType = sourcecode.swift; path = HomeTimelineViewModel.swift; sourceTree = "<group>"; };
		672C88292283A54A00312408 /* GoogleService-Info.plist */ = {isa = PBXFileReference; fileEncoding = 4; lastKnownFileType = text.plist.xml; path = "GoogleService-Info.plist"; sourceTree = "<group>"; };
		672FA83C227BC2C100BAB1A7 /* NyanNyanEngine.entitlements */ = {isa = PBXFileReference; lastKnownFileType = text.plist.entitlements; path = NyanNyanEngine.entitlements; sourceTree = "<group>"; };
		672FA83D227BE17E00BAB1A7 /* AppDelegateModel.swift */ = {isa = PBXFileReference; lastKnownFileType = sourcecode.swift; path = AppDelegateModel.swift; sourceTree = "<group>"; };
		6734D7F22279803200A19044 /* TweetSummaryCell.swift */ = {isa = PBXFileReference; lastKnownFileType = sourcecode.swift; path = TweetSummaryCell.swift; sourceTree = "<group>"; };
		67392B0C227AF07900D5E77C /* AuthRepository.swift */ = {isa = PBXFileReference; lastKnownFileType = sourcecode.swift; path = AuthRepository.swift; sourceTree = "<group>"; };
		673E5CBA2337096F000E1A65 /* LogoutCell.swift */ = {isa = PBXFileReference; lastKnownFileType = sourcecode.swift; path = LogoutCell.swift; sourceTree = "<group>"; };
		673E5CBE23372136000E1A65 /* SettingsSectionHeader.xib */ = {isa = PBXFileReference; lastKnownFileType = file.xib; path = SettingsSectionHeader.xib; sourceTree = "<group>"; };
		673E5CC023372256000E1A65 /* SettingsSectionHeader.swift */ = {isa = PBXFileReference; lastKnownFileType = sourcecode.swift; path = SettingsSectionHeader.swift; sourceTree = "<group>"; };
		674E170D23E6840100EC6FDB /* NekosanRank.swift */ = {isa = PBXFileReference; lastKnownFileType = sourcecode.swift; path = NekosanRank.swift; sourceTree = "<group>"; };
		674E170F23E69B0800EC6FDB /* NyanNyanDegree.swift */ = {isa = PBXFileReference; lastKnownFileType = sourcecode.swift; path = NyanNyanDegree.swift; sourceTree = "<group>"; };
		674E171123E7022400EC6FDB /* NyanNyanDegree+Extension.swift */ = {isa = PBXFileReference; lastKnownFileType = sourcecode.swift; path = "NyanNyanDegree+Extension.swift"; sourceTree = "<group>"; };
		6752A9DE24021F990014769D /* ConfigTransitionCell.swift */ = {isa = PBXFileReference; lastKnownFileType = sourcecode.swift; path = ConfigTransitionCell.swift; sourceTree = "<group>"; };
		6752A9DF24021F990014769D /* ConfigTransitionCell.xib */ = {isa = PBXFileReference; lastKnownFileType = file.xib; path = ConfigTransitionCell.xib; sourceTree = "<group>"; };
		6754BEC223387EED009C8106 /* Base */ = {isa = PBXFileReference; lastKnownFileType = file.xib; name = Base; path = Base.lproj/LogoutCell.xib; sourceTree = "<group>"; };
		6754BEC523387F09009C8106 /* ja */ = {isa = PBXFileReference; lastKnownFileType = text.plist.strings; name = ja; path = ja.lproj/LogoutCell.strings; sourceTree = "<group>"; };
		675A2E1C22E5CB5200290C14 /* TweetSummaryCell.xib */ = {isa = PBXFileReference; lastKnownFileType = file.xib; path = TweetSummaryCell.xib; sourceTree = "<group>"; };
		67666161227527FF004C886C /* NyanNyanEngine.app */ = {isa = PBXFileReference; explicitFileType = wrapper.application; includeInIndex = 0; path = NyanNyanEngine.app; sourceTree = BUILT_PRODUCTS_DIR; };
		67666164227527FF004C886C /* AppDelegate.swift */ = {isa = PBXFileReference; lastKnownFileType = sourcecode.swift; path = AppDelegate.swift; sourceTree = "<group>"; };
		67666166227527FF004C886C /* HomeTimelineViewController.swift */ = {isa = PBXFileReference; lastKnownFileType = sourcecode.swift; path = HomeTimelineViewController.swift; sourceTree = "<group>"; };
		67666169227527FF004C886C /* Base */ = {isa = PBXFileReference; lastKnownFileType = file.storyboard; name = Base; path = Base.lproj/Main.storyboard; sourceTree = "<group>"; };
		6766616C227527FF004C886C /* NyanNyanEngine.xcdatamodel */ = {isa = PBXFileReference; lastKnownFileType = wrapper.xcdatamodel; path = NyanNyanEngine.xcdatamodel; sourceTree = "<group>"; };
		6766616E227527FF004C886C /* Assets.xcassets */ = {isa = PBXFileReference; lastKnownFileType = folder.assetcatalog; path = Assets.xcassets; sourceTree = "<group>"; };
		67666171227527FF004C886C /* Base */ = {isa = PBXFileReference; lastKnownFileType = file.storyboard; name = Base; path = Base.lproj/LaunchScreen.storyboard; sourceTree = "<group>"; };
		67666173227527FF004C886C /* Info.plist */ = {isa = PBXFileReference; lastKnownFileType = text.plist.xml; path = Info.plist; sourceTree = "<group>"; };
		67666178227527FF004C886C /* NyanNyanEngineTests.xctest */ = {isa = PBXFileReference; explicitFileType = wrapper.cfbundle; includeInIndex = 0; path = NyanNyanEngineTests.xctest; sourceTree = BUILT_PRODUCTS_DIR; };
		6766617E227527FF004C886C /* Info.plist */ = {isa = PBXFileReference; lastKnownFileType = text.plist.xml; path = Info.plist; sourceTree = "<group>"; };
		67666183227527FF004C886C /* NyanNyanEngineUITests.xctest */ = {isa = PBXFileReference; explicitFileType = wrapper.cfbundle; includeInIndex = 0; path = NyanNyanEngineUITests.xctest; sourceTree = BUILT_PRODUCTS_DIR; };
		67666187227527FF004C886C /* NyanNyanEngineUITests.swift */ = {isa = PBXFileReference; lastKnownFileType = sourcecode.swift; path = NyanNyanEngineUITests.swift; sourceTree = "<group>"; };
		67666189227527FF004C886C /* Info.plist */ = {isa = PBXFileReference; lastKnownFileType = text.plist.xml; path = Info.plist; sourceTree = "<group>"; };
		6767B0CF22791033008913EA /* TweetsRepository.swift */ = {isa = PBXFileReference; lastKnownFileType = sourcecode.swift; path = TweetsRepository.swift; sourceTree = "<group>"; };
		6767B0D222791745008913EA /* ApiClient.swift */ = {isa = PBXFileReference; lastKnownFileType = sourcecode.swift; path = ApiClient.swift; sourceTree = "<group>"; };
		676ACD1823384C040036F328 /* Account.swift */ = {isa = PBXFileReference; lastKnownFileType = sourcecode.swift; path = Account.swift; sourceTree = "<group>"; };
		676ACD1A233859BC0036F328 /* AccountCell.xib */ = {isa = PBXFileReference; lastKnownFileType = file.xib; path = AccountCell.xib; sourceTree = "<group>"; };
		676ACD1C23385B6E0036F328 /* AccountCell.swift */ = {isa = PBXFileReference; lastKnownFileType = sourcecode.swift; path = AccountCell.swift; sourceTree = "<group>"; };
		676DDFAE232F381D00C65FAD /* LoadingCell.xib */ = {isa = PBXFileReference; lastKnownFileType = file.xib; path = LoadingCell.xib; sourceTree = "<group>"; };
		676DDFB3232F49B500C65FAD /* MainViewController.swift */ = {isa = PBXFileReference; lastKnownFileType = sourcecode.swift; path = MainViewController.swift; sourceTree = "<group>"; };
		676DDFB8232F4C0600C65FAD /* AccountViewController.swift */ = {isa = PBXFileReference; lastKnownFileType = sourcecode.swift; path = AccountViewController.swift; sourceTree = "<group>"; };
		6776339D22B60F6500D9CCC3 /* NyanNyanSection.swift */ = {isa = PBXFileReference; lastKnownFileType = sourcecode.swift; path = NyanNyanSection.swift; sourceTree = "<group>"; };
		677F5D7B234CD533003296F8 /* MainViewModel.swift */ = {isa = PBXFileReference; lastKnownFileType = sourcecode.swift; path = MainViewModel.swift; sourceTree = "<group>"; };
		678B183A232F766A00671444 /* AccountViewModel.swift */ = {isa = PBXFileReference; lastKnownFileType = sourcecode.swift; path = AccountViewModel.swift; sourceTree = "<group>"; };
		678C6B3D23E531BF00B5F8E9 /* FirebaseClient.swift */ = {isa = PBXFileReference; lastKnownFileType = sourcecode.swift; path = FirebaseClient.swift; sourceTree = "<group>"; };
		678C6B4323E5764000B5F8E9 /* NyanNyanUser.swift */ = {isa = PBXFileReference; lastKnownFileType = sourcecode.swift; path = NyanNyanUser.swift; sourceTree = "<group>"; };
		678C6B4B23E59CFE00B5F8E9 /* AccountAttributeCell.swift */ = {isa = PBXFileReference; lastKnownFileType = sourcecode.swift; path = AccountAttributeCell.swift; sourceTree = "<group>"; };
		678C6B4C23E59CFE00B5F8E9 /* AccountAttributeCell.xib */ = {isa = PBXFileReference; lastKnownFileType = file.xib; path = AccountAttributeCell.xib; sourceTree = "<group>"; };
		678E360D229A9E7600CBBCCC /* R.generated.swift */ = {isa = PBXFileReference; fileEncoding = 4; lastKnownFileType = sourcecode.swift; path = R.generated.swift; sourceTree = SOURCE_ROOT; };
		678E3615229A9F9200CBBCCC /* en */ = {isa = PBXFileReference; lastKnownFileType = text.plist.strings; name = en; path = en.lproj/StringValues.strings; sourceTree = "<group>"; };
		678E3617229A9FC700CBBCCC /* ja */ = {isa = PBXFileReference; lastKnownFileType = text.plist.strings; name = ja; path = ja.lproj/Main.strings; sourceTree = "<group>"; };
		678E3618229A9FC700CBBCCC /* ja */ = {isa = PBXFileReference; lastKnownFileType = text.plist.strings; name = ja; path = ja.lproj/LaunchScreen.strings; sourceTree = "<group>"; };
		678E3619229A9FC700CBBCCC /* ja */ = {isa = PBXFileReference; lastKnownFileType = text.plist.strings; name = ja; path = ja.lproj/StringValues.strings; sourceTree = "<group>"; };
		678E3620229AD6EE00CBBCCC /* ja */ = {isa = PBXFileReference; lastKnownFileType = text.plist.strings; name = ja; path = ja.lproj/InfoPlist.strings; sourceTree = "<group>"; };
		679A5E5F227B1F250043D0E1 /* ApiRequestFactory.swift */ = {isa = PBXFileReference; lastKnownFileType = sourcecode.swift; path = ApiRequestFactory.swift; sourceTree = "<group>"; };
		679A5E64227B3B590043D0E1 /* PlistConnector.swift */ = {isa = PBXFileReference; lastKnownFileType = sourcecode.swift; path = PlistConnector.swift; sourceTree = "<group>"; };
		679A5E66227B3E960043D0E1 /* ApiKeys.plist */ = {isa = PBXFileReference; lastKnownFileType = text.plist.xml; path = ApiKeys.plist; sourceTree = "<group>"; };
		67A1AAA1228FF0B700BF640A /* PostNekogoViewModel.swift */ = {isa = PBXFileReference; lastKnownFileType = sourcecode.swift; path = PostNekogoViewModel.swift; sourceTree = "<group>"; };
		67B787E422C8427400BDC612 /* LoadingCell.swift */ = {isa = PBXFileReference; lastKnownFileType = sourcecode.swift; path = LoadingCell.swift; sourceTree = "<group>"; };
		67D86EDF227FC5DB00965816 /* NyanNyan.swift */ = {isa = PBXFileReference; lastKnownFileType = sourcecode.swift; path = NyanNyan.swift; sourceTree = "<group>"; };
		67D86EE1227FDE9B00965816 /* TwitterDateFormatter.swift */ = {isa = PBXFileReference; lastKnownFileType = sourcecode.swift; path = TwitterDateFormatter.swift; sourceTree = "<group>"; };
		67D86EE3227FE20E00965816 /* DateFormatterTest.swift */ = {isa = PBXFileReference; lastKnownFileType = sourcecode.swift; path = DateFormatterTest.swift; sourceTree = "<group>"; };
		67E3C4D3228E2F6900B93E1D /* PostNekogoViewController.swift */ = {isa = PBXFileReference; lastKnownFileType = sourcecode.swift; path = PostNekogoViewController.swift; sourceTree = "<group>"; };
		67F7C6012351E6F10017BAF3 /* Base */ = {isa = PBXFileReference; lastKnownFileType = file.storyboard; name = Base; path = Base.lproj/Account.storyboard; sourceTree = "<group>"; };
		67F7C6042351E6FB0017BAF3 /* ja */ = {isa = PBXFileReference; lastKnownFileType = text.plist.strings; name = ja; path = ja.lproj/Account.strings; sourceTree = "<group>"; };
		67F7C6062351E7120017BAF3 /* Base */ = {isa = PBXFileReference; lastKnownFileType = file.storyboard; name = Base; path = Base.lproj/HomeTimeline.storyboard; sourceTree = "<group>"; };
		67F7C6092351E7160017BAF3 /* ja */ = {isa = PBXFileReference; lastKnownFileType = text.plist.strings; name = ja; path = ja.lproj/HomeTimeline.strings; sourceTree = "<group>"; };
		67F7C60B2351E7650017BAF3 /* Base */ = {isa = PBXFileReference; lastKnownFileType = file.storyboard; name = Base; path = Base.lproj/PostNekogo.storyboard; sourceTree = "<group>"; };
		67F7C60E2351E7730017BAF3 /* ja */ = {isa = PBXFileReference; lastKnownFileType = text.plist.strings; name = ja; path = ja.lproj/PostNekogo.strings; sourceTree = "<group>"; };
		67F88C09227C2484004DF44A /* UserDefaultsConnector.swift */ = {isa = PBXFileReference; lastKnownFileType = sourcecode.swift; path = UserDefaultsConnector.swift; sourceTree = "<group>"; };
		6D8A98757771D333C6941F1B /* Pods-NyanNyanEngineTests.release.xcconfig */ = {isa = PBXFileReference; includeInIndex = 1; lastKnownFileType = text.xcconfig; name = "Pods-NyanNyanEngineTests.release.xcconfig"; path = "Pods/Target Support Files/Pods-NyanNyanEngineTests/Pods-NyanNyanEngineTests.release.xcconfig"; sourceTree = "<group>"; };
		6F7E9C80946FAE4B36BBC437 /* Pods-NyanNyanEngine.release.xcconfig */ = {isa = PBXFileReference; includeInIndex = 1; lastKnownFileType = text.xcconfig; name = "Pods-NyanNyanEngine.release.xcconfig"; path = "Pods/Target Support Files/Pods-NyanNyanEngine/Pods-NyanNyanEngine.release.xcconfig"; sourceTree = "<group>"; };
		9151EC8B3866FB493C75F6A9 /* Pods_NyanNyanEngine.framework */ = {isa = PBXFileReference; explicitFileType = wrapper.framework; includeInIndex = 0; path = Pods_NyanNyanEngine.framework; sourceTree = BUILT_PRODUCTS_DIR; };
		F4077A070BC8D307547E44D6 /* Pods_NyanNyanEngineTests.framework */ = {isa = PBXFileReference; explicitFileType = wrapper.framework; includeInIndex = 0; path = Pods_NyanNyanEngineTests.framework; sourceTree = BUILT_PRODUCTS_DIR; };
/* End PBXFileReference section */

/* Begin PBXFrameworksBuildPhase section */
		6766615E227527FF004C886C /* Frameworks */ = {
			isa = PBXFrameworksBuildPhase;
			buildActionMask = 2147483647;
			files = (
				A3EF89A62D1B991E9600FCFA /* Pods_NyanNyanEngine.framework in Frameworks */,
			);
			runOnlyForDeploymentPostprocessing = 0;
		};
		67666175227527FF004C886C /* Frameworks */ = {
			isa = PBXFrameworksBuildPhase;
			buildActionMask = 2147483647;
			files = (
				084A3E64E6115529C8195800 /* Pods_NyanNyanEngineTests.framework in Frameworks */,
			);
			runOnlyForDeploymentPostprocessing = 0;
		};
		67666180227527FF004C886C /* Frameworks */ = {
			isa = PBXFrameworksBuildPhase;
			buildActionMask = 2147483647;
			files = (
				02498891D837FF45831DFE9B /* Pods_NyanNyanEngineUITests.framework in Frameworks */,
			);
			runOnlyForDeploymentPostprocessing = 0;
		};
/* End PBXFrameworksBuildPhase section */

/* Begin PBXGroup section */
		41C6C96EAA52F06ACE795D4C /* Pods */ = {
			isa = PBXGroup;
			children = (
				0F29B6DB666E02B7C3169F94 /* Pods-NyanNyanEngine.debug.xcconfig */,
				6F7E9C80946FAE4B36BBC437 /* Pods-NyanNyanEngine.release.xcconfig */,
				2D9B60DCB6563A30CFC41C58 /* Pods-NyanNyanEngineTests.debug.xcconfig */,
				6D8A98757771D333C6941F1B /* Pods-NyanNyanEngineTests.release.xcconfig */,
				45D5095DB642CC4A0D0E048C /* Pods-NyanNyanEngineUITests.debug.xcconfig */,
				3E8BDD934F4FAE17734D4EDF /* Pods-NyanNyanEngineUITests.release.xcconfig */,
			);
			name = Pods;
			sourceTree = "<group>";
		};
		670E397A227E715F002318AE /* constant */ = {
			isa = PBXGroup;
			children = (
				670E397B227E7179002318AE /* DefaultNekosan.swift */,
			);
			path = constant;
			sourceTree = "<group>";
		};
		6723B27F22767C680004FB3D /* model */ = {
			isa = PBXGroup;
			children = (
				679A5E63227B3AFB0043D0E1 /* dao */,
				6767B0D12279172B008913EA /* net */,
				6767B0CE2278FE5F008913EA /* repository */,
				6723B28022767C730004FB3D /* entity */,
			);
			path = model;
			sourceTree = "<group>";
		};
		6723B28022767C730004FB3D /* entity */ = {
			isa = PBXGroup;
			children = (
				670E397A227E715F002318AE /* constant */,
				6723B28122767C7F0004FB3D /* dataclass */,
				670E397F227FB67C002318AE /* Nekosan.swift */,
				67D86EE1227FDE9B00965816 /* TwitterDateFormatter.swift */,
				676ACD1823384C040036F328 /* Account.swift */,
				674E170D23E6840100EC6FDB /* NekosanRank.swift */,
			);
			path = entity;
			sourceTree = "<group>";
		};
		6723B28122767C7F0004FB3D /* dataclass */ = {
			isa = PBXGroup;
			children = (
				678C6B4223E5762700B5F8E9 /* firestore */,
				6723B28222767C8B0004FB3D /* api */,
				67D86EDF227FC5DB00965816 /* NyanNyan.swift */,
				6776339D22B60F6500D9CCC3 /* NyanNyanSection.swift */,
			);
			path = dataclass;
			sourceTree = "<group>";
		};
		6723B28222767C8B0004FB3D /* api */ = {
			isa = PBXGroup;
			children = (
				6723B28B2276970A0004FB3D /* Status.swift */,
				6723B2892276926B0004FB3D /* User.swift */,
			);
			path = api;
			sourceTree = "<group>";
		};
		6734D7F12279800C00A19044 /* view */ = {
			isa = PBXGroup;
			children = (
				670777FD22B61CE30057B457 /* DataSourceFactory.swift */,
				675A2E1C22E5CB5200290C14 /* TweetSummaryCell.xib */,
				6734D7F22279803200A19044 /* TweetSummaryCell.swift */,
				676DDFAE232F381D00C65FAD /* LoadingCell.xib */,
				67B787E422C8427400BDC612 /* LoadingCell.swift */,
				673E5CBA2337096F000E1A65 /* LogoutCell.swift */,
				6754BEC323387EED009C8106 /* LogoutCell.xib */,
				673E5CBE23372136000E1A65 /* SettingsSectionHeader.xib */,
				673E5CC023372256000E1A65 /* SettingsSectionHeader.swift */,
				676ACD1A233859BC0036F328 /* AccountCell.xib */,
				676ACD1C23385B6E0036F328 /* AccountCell.swift */,
				678C6B4B23E59CFE00B5F8E9 /* AccountAttributeCell.swift */,
				678C6B4C23E59CFE00B5F8E9 /* AccountAttributeCell.xib */,
				6752A9DE24021F990014769D /* ConfigTransitionCell.swift */,
				6752A9DF24021F990014769D /* ConfigTransitionCell.xib */,
			);
			path = view;
			sourceTree = "<group>";
		};
		67666158227527FF004C886C = {
			isa = PBXGroup;
			children = (
				67666163227527FF004C886C /* NyanNyanEngine */,
				6766617B227527FF004C886C /* NyanNyanEngineTests */,
				67666186227527FF004C886C /* NyanNyanEngineUITests */,
				67666162227527FF004C886C /* Products */,
				41C6C96EAA52F06ACE795D4C /* Pods */,
				B923F2CE3885F3C1104B1558 /* Frameworks */,
			);
			sourceTree = "<group>";
		};
		67666162227527FF004C886C /* Products */ = {
			isa = PBXGroup;
			children = (
				67666161227527FF004C886C /* NyanNyanEngine.app */,
				67666178227527FF004C886C /* NyanNyanEngineTests.xctest */,
				67666183227527FF004C886C /* NyanNyanEngineUITests.xctest */,
			);
			name = Products;
			sourceTree = "<group>";
		};
		67666163227527FF004C886C /* NyanNyanEngine */ = {
			isa = PBXGroup;
			children = (
				678E360F229A9EBB00CBBCCC /* res */,
				672FA83C227BC2C100BAB1A7 /* NyanNyanEngine.entitlements */,
				6767B0D422791CF9008913EA /* ui */,
				6723B27F22767C680004FB3D /* model */,
				67666164227527FF004C886C /* AppDelegate.swift */,
				678E360D229A9E7600CBBCCC /* R.generated.swift */,
				67666168227527FF004C886C /* Main.storyboard */,
				6766616E227527FF004C886C /* Assets.xcassets */,
				67666170227527FF004C886C /* LaunchScreen.storyboard */,
				67666173227527FF004C886C /* Info.plist */,
				678E3621229AD6EE00CBBCCC /* InfoPlist.strings */,
				672C88292283A54A00312408 /* GoogleService-Info.plist */,
				670B66FB229ADF09006DFC73 /* GoogleService-Info-Release.plist */,
				6766616B227527FF004C886C /* NyanNyanEngine.xcdatamodeld */,
				679A5E66227B3E960043D0E1 /* ApiKeys.plist */,
				672FA83D227BE17E00BAB1A7 /* AppDelegateModel.swift */,
			);
			path = NyanNyanEngine;
			sourceTree = "<group>";
		};
		6766617B227527FF004C886C /* NyanNyanEngineTests */ = {
			isa = PBXGroup;
			children = (
				6766617E227527FF004C886C /* Info.plist */,
				6723B285227682F60004FB3D /* JsonDecodeTests.swift */,
				670E397D227FB4F7002318AE /* NekosanConverterTest.swift */,
				67D86EE3227FE20E00965816 /* DateFormatterTest.swift */,
			);
			path = NyanNyanEngineTests;
			sourceTree = "<group>";
		};
		67666186227527FF004C886C /* NyanNyanEngineUITests */ = {
			isa = PBXGroup;
			children = (
				67666187227527FF004C886C /* NyanNyanEngineUITests.swift */,
				67666189227527FF004C886C /* Info.plist */,
			);
			path = NyanNyanEngineUITests;
			sourceTree = "<group>";
		};
		6767B0CE2278FE5F008913EA /* repository */ = {
			isa = PBXGroup;
			children = (
				6767B0CF22791033008913EA /* TweetsRepository.swift */,
				67392B0C227AF07900D5E77C /* AuthRepository.swift */,
				670E3978227E4738002318AE /* LoadingStatusRepository.swift */,
			);
			path = repository;
			sourceTree = "<group>";
		};
		6767B0D12279172B008913EA /* net */ = {
			isa = PBXGroup;
			children = (
				6767B0D222791745008913EA /* ApiClient.swift */,
				679A5E5F227B1F250043D0E1 /* ApiRequestFactory.swift */,
			);
			path = net;
			sourceTree = "<group>";
		};
		6767B0D422791CF9008913EA /* ui */ = {
			isa = PBXGroup;
			children = (
				676DDFB7232F4BF700C65FAD /* account */,
				676DDFB2232F49A500C65FAD /* main */,
				67E3C4D2228E2F3200B93E1D /* postNekogo */,
				6734D7F12279800C00A19044 /* view */,
				6767B0D522791D1C008913EA /* homeTimeLine */,
			);
			path = ui;
			sourceTree = "<group>";
		};
		6767B0D522791D1C008913EA /* homeTimeLine */ = {
			isa = PBXGroup;
			children = (
				67666166227527FF004C886C /* HomeTimelineViewController.swift */,
				6723B2912277DFD60004FB3D /* HomeTimelineViewModel.swift */,
				67F7C6072351E7120017BAF3 /* HomeTimeline.storyboard */,
			);
			path = homeTimeLine;
			sourceTree = "<group>";
		};
		676DDFB2232F49A500C65FAD /* main */ = {
			isa = PBXGroup;
			children = (
				676DDFB3232F49B500C65FAD /* MainViewController.swift */,
				677F5D7B234CD533003296F8 /* MainViewModel.swift */,
			);
			path = main;
			sourceTree = "<group>";
		};
		676DDFB7232F4BF700C65FAD /* account */ = {
			isa = PBXGroup;
			children = (
				676DDFB8232F4C0600C65FAD /* AccountViewController.swift */,
				67F7C6022351E6F10017BAF3 /* Account.storyboard */,
				678B183A232F766A00671444 /* AccountViewModel.swift */,
			);
			path = account;
			sourceTree = "<group>";
		};
		678C6B4223E5762700B5F8E9 /* firestore */ = {
			isa = PBXGroup;
			children = (
				678C6B4323E5764000B5F8E9 /* NyanNyanUser.swift */,
				674E170F23E69B0800EC6FDB /* NyanNyanDegree.swift */,
				674E171123E7022400EC6FDB /* NyanNyanDegree+Extension.swift */,
			);
			path = firestore;
			sourceTree = "<group>";
		};
		678E360F229A9EBB00CBBCCC /* res */ = {
			isa = PBXGroup;
			children = (
				678E3610229A9EC100CBBCCC /* values */,
			);
			path = res;
			sourceTree = "<group>";
		};
		678E3610229A9EC100CBBCCC /* values */ = {
			isa = PBXGroup;
			children = (
				678E3611229A9ECC00CBBCCC /* strings */,
			);
			path = values;
			sourceTree = "<group>";
		};
		678E3611229A9ECC00CBBCCC /* strings */ = {
			isa = PBXGroup;
			children = (
				678E3616229A9F9200CBBCCC /* StringValues.strings */,
			);
			path = strings;
			sourceTree = "<group>";
		};
		679A5E63227B3AFB0043D0E1 /* dao */ = {
			isa = PBXGroup;
			children = (
				679A5E64227B3B590043D0E1 /* PlistConnector.swift */,
				67F88C09227C2484004DF44A /* UserDefaultsConnector.swift */,
				678C6B3D23E531BF00B5F8E9 /* FirebaseClient.swift */,
			);
			path = dao;
			sourceTree = "<group>";
		};
		67E3C4D2228E2F3200B93E1D /* postNekogo */ = {
			isa = PBXGroup;
			children = (
				67E3C4D3228E2F6900B93E1D /* PostNekogoViewController.swift */,
				67A1AAA1228FF0B700BF640A /* PostNekogoViewModel.swift */,
				67F7C60C2351E7650017BAF3 /* PostNekogo.storyboard */,
			);
			path = postNekogo;
			sourceTree = "<group>";
		};
		B923F2CE3885F3C1104B1558 /* Frameworks */ = {
			isa = PBXGroup;
			children = (
				9151EC8B3866FB493C75F6A9 /* Pods_NyanNyanEngine.framework */,
				F4077A070BC8D307547E44D6 /* Pods_NyanNyanEngineTests.framework */,
				5CB14DB9062ED19CFBABD8AA /* Pods_NyanNyanEngineUITests.framework */,
			);
			name = Frameworks;
			sourceTree = "<group>";
		};
/* End PBXGroup section */

/* Begin PBXNativeTarget section */
		67666160227527FF004C886C /* NyanNyanEngine */ = {
			isa = PBXNativeTarget;
			buildConfigurationList = 6766618C227527FF004C886C /* Build configuration list for PBXNativeTarget "NyanNyanEngine" */;
			buildPhases = (
				534F71A88095062E15A86244 /* [CP] Check Pods Manifest.lock */,
				67EB6486229A66D700D72E80 /* ShellScript */,
				6766615D227527FF004C886C /* Sources */,
				6766615E227527FF004C886C /* Frameworks */,
				6766615F227527FF004C886C /* Resources */,
				06F1B0ACE6F9609F30147366 /* [CP] Embed Pods Frameworks */,
				670B893B228474470020192E /* ShellScript */,
			);
			buildRules = (
			);
			dependencies = (
			);
			name = NyanNyanEngine;
			productName = NyanNyanEngine;
			productReference = 67666161227527FF004C886C /* NyanNyanEngine.app */;
			productType = "com.apple.product-type.application";
		};
		67666177227527FF004C886C /* NyanNyanEngineTests */ = {
			isa = PBXNativeTarget;
			buildConfigurationList = 6766618F227527FF004C886C /* Build configuration list for PBXNativeTarget "NyanNyanEngineTests" */;
			buildPhases = (
				75244A1D80BF3B1A1BFC0A02 /* [CP] Check Pods Manifest.lock */,
				67666174227527FF004C886C /* Sources */,
				67666175227527FF004C886C /* Frameworks */,
				67666176227527FF004C886C /* Resources */,
			);
			buildRules = (
			);
			dependencies = (
				6766617A227527FF004C886C /* PBXTargetDependency */,
			);
			name = NyanNyanEngineTests;
			productName = NyanNyanEngineTests;
			productReference = 67666178227527FF004C886C /* NyanNyanEngineTests.xctest */;
			productType = "com.apple.product-type.bundle.unit-test";
		};
		67666182227527FF004C886C /* NyanNyanEngineUITests */ = {
			isa = PBXNativeTarget;
			buildConfigurationList = 67666192227527FF004C886C /* Build configuration list for PBXNativeTarget "NyanNyanEngineUITests" */;
			buildPhases = (
				13A667931478BFF3391AA9E2 /* [CP] Check Pods Manifest.lock */,
				6766617F227527FF004C886C /* Sources */,
				67666180227527FF004C886C /* Frameworks */,
				67666181227527FF004C886C /* Resources */,
				E4F664FD1B84AFF40249DDA4 /* [CP] Embed Pods Frameworks */,
			);
			buildRules = (
			);
			dependencies = (
				67666185227527FF004C886C /* PBXTargetDependency */,
			);
			name = NyanNyanEngineUITests;
			productName = NyanNyanEngineUITests;
			productReference = 67666183227527FF004C886C /* NyanNyanEngineUITests.xctest */;
			productType = "com.apple.product-type.bundle.ui-testing";
		};
/* End PBXNativeTarget section */

/* Begin PBXProject section */
		67666159227527FF004C886C /* Project object */ = {
			isa = PBXProject;
			attributes = {
				LastSwiftUpdateCheck = 1020;
				LastUpgradeCheck = 1020;
				ORGANIZATIONNAME = "Tetsuya Nishikawa";
				TargetAttributes = {
					67666160227527FF004C886C = {
						CreatedOnToolsVersion = 10.2.1;
						SystemCapabilities = {
							com.apple.SafariKeychain = {
								enabled = 1;
							};
						};
					};
					67666177227527FF004C886C = {
						CreatedOnToolsVersion = 10.2.1;
						TestTargetID = 67666160227527FF004C886C;
					};
					67666182227527FF004C886C = {
						CreatedOnToolsVersion = 10.2.1;
						TestTargetID = 67666160227527FF004C886C;
					};
				};
			};
			buildConfigurationList = 6766615C227527FF004C886C /* Build configuration list for PBXProject "NyanNyanEngine" */;
			compatibilityVersion = "Xcode 9.3";
			developmentRegion = en;
			hasScannedForEncodings = 0;
			knownRegions = (
				en,
				Base,
				ja,
			);
			mainGroup = 67666158227527FF004C886C;
			productRefGroup = 67666162227527FF004C886C /* Products */;
			projectDirPath = "";
			projectRoot = "";
			targets = (
				67666160227527FF004C886C /* NyanNyanEngine */,
				67666177227527FF004C886C /* NyanNyanEngineTests */,
				67666182227527FF004C886C /* NyanNyanEngineUITests */,
			);
		};
/* End PBXProject section */

/* Begin PBXResourcesBuildPhase section */
		6766615F227527FF004C886C /* Resources */ = {
			isa = PBXResourcesBuildPhase;
			buildActionMask = 2147483647;
			files = (
				67666172227527FF004C886C /* LaunchScreen.storyboard in Resources */,
				675A2E1E22E5CB5200290C14 /* TweetSummaryCell.xib in Resources */,
				67F7C6052351E7120017BAF3 /* HomeTimeline.storyboard in Resources */,
				678C6B4E23E59CFE00B5F8E9 /* AccountAttributeCell.xib in Resources */,
				67F7C60A2351E7650017BAF3 /* PostNekogo.storyboard in Resources */,
				678E361F229AD6EE00CBBCCC /* InfoPlist.strings in Resources */,
				679A5E67227B3E960043D0E1 /* ApiKeys.plist in Resources */,
				676DDFAF232F381D00C65FAD /* LoadingCell.xib in Resources */,
				672C882A2283A54B00312408 /* GoogleService-Info.plist in Resources */,
				6766616F227527FF004C886C /* Assets.xcassets in Resources */,
				6752A9E124021F990014769D /* ConfigTransitionCell.xib in Resources */,
				6766616A227527FF004C886C /* Main.storyboard in Resources */,
				67F7C6002351E6F10017BAF3 /* Account.storyboard in Resources */,
				673E5CBF23372136000E1A65 /* SettingsSectionHeader.xib in Resources */,
				670B66FC229ADF09006DFC73 /* GoogleService-Info-Release.plist in Resources */,
				676ACD1B233859BC0036F328 /* AccountCell.xib in Resources */,
				678E3614229A9F9200CBBCCC /* StringValues.strings in Resources */,
				6754BEC123387EED009C8106 /* LogoutCell.xib in Resources */,
			);
			runOnlyForDeploymentPostprocessing = 0;
		};
		67666176227527FF004C886C /* Resources */ = {
			isa = PBXResourcesBuildPhase;
			buildActionMask = 2147483647;
			files = (
			);
			runOnlyForDeploymentPostprocessing = 0;
		};
		67666181227527FF004C886C /* Resources */ = {
			isa = PBXResourcesBuildPhase;
			buildActionMask = 2147483647;
			files = (
			);
			runOnlyForDeploymentPostprocessing = 0;
		};
/* End PBXResourcesBuildPhase section */

/* Begin PBXShellScriptBuildPhase section */
		06F1B0ACE6F9609F30147366 /* [CP] Embed Pods Frameworks */ = {
			isa = PBXShellScriptBuildPhase;
			buildActionMask = 2147483647;
			files = (
			);
			inputFileListPaths = (
				"${PODS_ROOT}/Target Support Files/Pods-NyanNyanEngine/Pods-NyanNyanEngine-frameworks-${CONFIGURATION}-input-files.xcfilelist",
			);
			name = "[CP] Embed Pods Frameworks";
			outputFileListPaths = (
				"${PODS_ROOT}/Target Support Files/Pods-NyanNyanEngine/Pods-NyanNyanEngine-frameworks-${CONFIGURATION}-output-files.xcfilelist",
			);
			runOnlyForDeploymentPostprocessing = 0;
			shellPath = /bin/sh;
			shellScript = "\"${PODS_ROOT}/Target Support Files/Pods-NyanNyanEngine/Pods-NyanNyanEngine-frameworks.sh\"\n";
			showEnvVarsInLog = 0;
		};
		13A667931478BFF3391AA9E2 /* [CP] Check Pods Manifest.lock */ = {
			isa = PBXShellScriptBuildPhase;
			buildActionMask = 2147483647;
			files = (
			);
			inputPaths = (
				"${PODS_PODFILE_DIR_PATH}/Podfile.lock",
				"${PODS_ROOT}/Manifest.lock",
			);
			name = "[CP] Check Pods Manifest.lock";
			outputPaths = (
				"$(DERIVED_FILE_DIR)/Pods-NyanNyanEngineUITests-checkManifestLockResult.txt",
			);
			runOnlyForDeploymentPostprocessing = 0;
			shellPath = /bin/sh;
			shellScript = "diff \"${PODS_PODFILE_DIR_PATH}/Podfile.lock\" \"${PODS_ROOT}/Manifest.lock\" > /dev/null\nif [ $? != 0 ] ; then\n    # print error to STDERR\n    echo \"error: The sandbox is not in sync with the Podfile.lock. Run 'pod install' or update your CocoaPods installation.\" >&2\n    exit 1\nfi\n# This output is used by Xcode 'outputs' to avoid re-running this script phase.\necho \"SUCCESS\" > \"${SCRIPT_OUTPUT_FILE_0}\"\n";
			showEnvVarsInLog = 0;
		};
		534F71A88095062E15A86244 /* [CP] Check Pods Manifest.lock */ = {
			isa = PBXShellScriptBuildPhase;
			buildActionMask = 2147483647;
			files = (
			);
			inputPaths = (
				"${PODS_PODFILE_DIR_PATH}/Podfile.lock",
				"${PODS_ROOT}/Manifest.lock",
			);
			name = "[CP] Check Pods Manifest.lock";
			outputPaths = (
				"$(DERIVED_FILE_DIR)/Pods-NyanNyanEngine-checkManifestLockResult.txt",
			);
			runOnlyForDeploymentPostprocessing = 0;
			shellPath = /bin/sh;
			shellScript = "diff \"${PODS_PODFILE_DIR_PATH}/Podfile.lock\" \"${PODS_ROOT}/Manifest.lock\" > /dev/null\nif [ $? != 0 ] ; then\n    # print error to STDERR\n    echo \"error: The sandbox is not in sync with the Podfile.lock. Run 'pod install' or update your CocoaPods installation.\" >&2\n    exit 1\nfi\n# This output is used by Xcode 'outputs' to avoid re-running this script phase.\necho \"SUCCESS\" > \"${SCRIPT_OUTPUT_FILE_0}\"\n";
			showEnvVarsInLog = 0;
		};
		670B893B228474470020192E /* ShellScript */ = {
			isa = PBXShellScriptBuildPhase;
			buildActionMask = 2147483647;
			files = (
			);
			inputPaths = (
				"$(BUILT_PRODUCTS_DIR)/$(INFOPLIST_PATH)",
			);
			outputPaths = (
			);
			runOnlyForDeploymentPostprocessing = 0;
			shellPath = /bin/sh;
			shellScript = "# Type a script or drag a script file from your workspace to insert its path.\n\"${PODS_ROOT}/Fabric/run\"\n";
		};
		67EB6486229A66D700D72E80 /* ShellScript */ = {
			isa = PBXShellScriptBuildPhase;
			buildActionMask = 2147483647;
			files = (
			);
			inputFileListPaths = (
			);
			inputPaths = (
				"$TEMP_DIR/rswift-lastrun",
			);
			outputFileListPaths = (
			);
			outputPaths = (
				$SRCROOT/R.generated.swift,
			);
			runOnlyForDeploymentPostprocessing = 0;
			shellPath = /bin/sh;
			shellScript = "# Type a script or drag a script file from your workspace to insert its path.\n\"$PODS_ROOT/R.swift/rswift\" generate \"$SRCROOT/R.generated.swift\"\n";
		};
		75244A1D80BF3B1A1BFC0A02 /* [CP] Check Pods Manifest.lock */ = {
			isa = PBXShellScriptBuildPhase;
			buildActionMask = 2147483647;
			files = (
			);
			inputPaths = (
				"${PODS_PODFILE_DIR_PATH}/Podfile.lock",
				"${PODS_ROOT}/Manifest.lock",
			);
			name = "[CP] Check Pods Manifest.lock";
			outputPaths = (
				"$(DERIVED_FILE_DIR)/Pods-NyanNyanEngineTests-checkManifestLockResult.txt",
			);
			runOnlyForDeploymentPostprocessing = 0;
			shellPath = /bin/sh;
			shellScript = "diff \"${PODS_PODFILE_DIR_PATH}/Podfile.lock\" \"${PODS_ROOT}/Manifest.lock\" > /dev/null\nif [ $? != 0 ] ; then\n    # print error to STDERR\n    echo \"error: The sandbox is not in sync with the Podfile.lock. Run 'pod install' or update your CocoaPods installation.\" >&2\n    exit 1\nfi\n# This output is used by Xcode 'outputs' to avoid re-running this script phase.\necho \"SUCCESS\" > \"${SCRIPT_OUTPUT_FILE_0}\"\n";
			showEnvVarsInLog = 0;
		};
		E4F664FD1B84AFF40249DDA4 /* [CP] Embed Pods Frameworks */ = {
			isa = PBXShellScriptBuildPhase;
			buildActionMask = 2147483647;
			files = (
			);
			inputFileListPaths = (
				"${PODS_ROOT}/Target Support Files/Pods-NyanNyanEngineUITests/Pods-NyanNyanEngineUITests-frameworks-${CONFIGURATION}-input-files.xcfilelist",
			);
			name = "[CP] Embed Pods Frameworks";
			outputFileListPaths = (
				"${PODS_ROOT}/Target Support Files/Pods-NyanNyanEngineUITests/Pods-NyanNyanEngineUITests-frameworks-${CONFIGURATION}-output-files.xcfilelist",
			);
			runOnlyForDeploymentPostprocessing = 0;
			shellPath = /bin/sh;
			shellScript = "\"${PODS_ROOT}/Target Support Files/Pods-NyanNyanEngineUITests/Pods-NyanNyanEngineUITests-frameworks.sh\"\n";
			showEnvVarsInLog = 0;
		};
/* End PBXShellScriptBuildPhase section */

/* Begin PBXSourcesBuildPhase section */
		6766615D227527FF004C886C /* Sources */ = {
			isa = PBXSourcesBuildPhase;
			buildActionMask = 2147483647;
			files = (
				67666167227527FF004C886C /* HomeTimelineViewController.swift in Sources */,
				676DDFB4232F49B500C65FAD /* MainViewController.swift in Sources */,
				674E170E23E6840100EC6FDB /* NekosanRank.swift in Sources */,
				67A1AAA2228FF0B700BF640A /* PostNekogoViewModel.swift in Sources */,
				6767B0D022791033008913EA /* TweetsRepository.swift in Sources */,
				6723B28C2276970A0004FB3D /* Status.swift in Sources */,
				670E3980227FB67C002318AE /* Nekosan.swift in Sources */,
				670777FE22B61CE30057B457 /* DataSourceFactory.swift in Sources */,
				678C6B4423E5764000B5F8E9 /* NyanNyanUser.swift in Sources */,
				67D86EE2227FDE9B00965816 /* TwitterDateFormatter.swift in Sources */,
				676DDFB9232F4C0600C65FAD /* AccountViewController.swift in Sources */,
				670E397C227E7179002318AE /* DefaultNekosan.swift in Sources */,
				6734D7F32279803200A19044 /* TweetSummaryCell.swift in Sources */,
				6776339E22B60F6500D9CCC3 /* NyanNyanSection.swift in Sources */,
				6752A9E024021F990014769D /* ConfigTransitionCell.swift in Sources */,
				67E3C4D4228E2F6900B93E1D /* PostNekogoViewController.swift in Sources */,
				67F88C0A227C2484004DF44A /* UserDefaultsConnector.swift in Sources */,
				676ACD1923384C040036F328 /* Account.swift in Sources */,
				679A5E65227B3B590043D0E1 /* PlistConnector.swift in Sources */,
				673E5CC123372256000E1A65 /* SettingsSectionHeader.swift in Sources */,
				678E360E229A9E7600CBBCCC /* R.generated.swift in Sources */,
				67B787E522C8427400BDC612 /* LoadingCell.swift in Sources */,
				6723B2922277DFD60004FB3D /* HomeTimelineViewModel.swift in Sources */,
				6723B28A2276926B0004FB3D /* User.swift in Sources */,
				67D86EE0227FC5DB00965816 /* NyanNyan.swift in Sources */,
				672FA83E227BE17E00BAB1A7 /* AppDelegateModel.swift in Sources */,
				674E171023E69B0800EC6FDB /* NyanNyanDegree.swift in Sources */,
				670E3979227E4738002318AE /* LoadingStatusRepository.swift in Sources */,
				678B183B232F766A00671444 /* AccountViewModel.swift in Sources */,
				676ACD1D23385B6E0036F328 /* AccountCell.swift in Sources */,
				6767B0D322791745008913EA /* ApiClient.swift in Sources */,
				67666165227527FF004C886C /* AppDelegate.swift in Sources */,
				678C6B3E23E531BF00B5F8E9 /* FirebaseClient.swift in Sources */,
				674E171223E7022400EC6FDB /* NyanNyanDegree+Extension.swift in Sources */,
				673E5CBB2337096F000E1A65 /* LogoutCell.swift in Sources */,
				67392B0D227AF07900D5E77C /* AuthRepository.swift in Sources */,
				6766616D227527FF004C886C /* NyanNyanEngine.xcdatamodeld in Sources */,
				679A5E60227B1F250043D0E1 /* ApiRequestFactory.swift in Sources */,
				678C6B4D23E59CFE00B5F8E9 /* AccountAttributeCell.swift in Sources */,
				677F5D7C234CD533003296F8 /* MainViewModel.swift in Sources */,
			);
			runOnlyForDeploymentPostprocessing = 0;
		};
		67666174227527FF004C886C /* Sources */ = {
			isa = PBXSourcesBuildPhase;
			buildActionMask = 2147483647;
			files = (
				670E397E227FB4F7002318AE /* NekosanConverterTest.swift in Sources */,
				6723B286227682F60004FB3D /* JsonDecodeTests.swift in Sources */,
				67D86EE4227FE20E00965816 /* DateFormatterTest.swift in Sources */,
			);
			runOnlyForDeploymentPostprocessing = 0;
		};
		6766617F227527FF004C886C /* Sources */ = {
			isa = PBXSourcesBuildPhase;
			buildActionMask = 2147483647;
			files = (
				67666188227527FF004C886C /* NyanNyanEngineUITests.swift in Sources */,
			);
			runOnlyForDeploymentPostprocessing = 0;
		};
/* End PBXSourcesBuildPhase section */

/* Begin PBXTargetDependency section */
		6766617A227527FF004C886C /* PBXTargetDependency */ = {
			isa = PBXTargetDependency;
			target = 67666160227527FF004C886C /* NyanNyanEngine */;
			targetProxy = 67666179227527FF004C886C /* PBXContainerItemProxy */;
		};
		67666185227527FF004C886C /* PBXTargetDependency */ = {
			isa = PBXTargetDependency;
			target = 67666160227527FF004C886C /* NyanNyanEngine */;
			targetProxy = 67666184227527FF004C886C /* PBXContainerItemProxy */;
		};
/* End PBXTargetDependency section */

/* Begin PBXVariantGroup section */
		6754BEC323387EED009C8106 /* LogoutCell.xib */ = {
			isa = PBXVariantGroup;
			children = (
				6754BEC223387EED009C8106 /* Base */,
				6754BEC523387F09009C8106 /* ja */,
			);
			name = LogoutCell.xib;
			sourceTree = "<group>";
		};
		67666168227527FF004C886C /* Main.storyboard */ = {
			isa = PBXVariantGroup;
			children = (
				67666169227527FF004C886C /* Base */,
				678E3617229A9FC700CBBCCC /* ja */,
			);
			name = Main.storyboard;
			sourceTree = "<group>";
		};
		67666170227527FF004C886C /* LaunchScreen.storyboard */ = {
			isa = PBXVariantGroup;
			children = (
				67666171227527FF004C886C /* Base */,
				678E3618229A9FC700CBBCCC /* ja */,
			);
			name = LaunchScreen.storyboard;
			sourceTree = "<group>";
		};
		678E3616229A9F9200CBBCCC /* StringValues.strings */ = {
			isa = PBXVariantGroup;
			children = (
				678E3615229A9F9200CBBCCC /* en */,
				678E3619229A9FC700CBBCCC /* ja */,
			);
			name = StringValues.strings;
			sourceTree = "<group>";
		};
		678E3621229AD6EE00CBBCCC /* InfoPlist.strings */ = {
			isa = PBXVariantGroup;
			children = (
				678E3620229AD6EE00CBBCCC /* ja */,
			);
			name = InfoPlist.strings;
			sourceTree = "<group>";
		};
		67F7C6022351E6F10017BAF3 /* Account.storyboard */ = {
			isa = PBXVariantGroup;
			children = (
				67F7C6012351E6F10017BAF3 /* Base */,
				67F7C6042351E6FB0017BAF3 /* ja */,
			);
			name = Account.storyboard;
			sourceTree = "<group>";
		};
		67F7C6072351E7120017BAF3 /* HomeTimeline.storyboard */ = {
			isa = PBXVariantGroup;
			children = (
				67F7C6062351E7120017BAF3 /* Base */,
				67F7C6092351E7160017BAF3 /* ja */,
			);
			name = HomeTimeline.storyboard;
			sourceTree = "<group>";
		};
		67F7C60C2351E7650017BAF3 /* PostNekogo.storyboard */ = {
			isa = PBXVariantGroup;
			children = (
				67F7C60B2351E7650017BAF3 /* Base */,
				67F7C60E2351E7730017BAF3 /* ja */,
			);
			name = PostNekogo.storyboard;
			sourceTree = "<group>";
		};
/* End PBXVariantGroup section */

/* Begin XCBuildConfiguration section */
		6766618A227527FF004C886C /* Debug */ = {
			isa = XCBuildConfiguration;
			buildSettings = {
				ALWAYS_SEARCH_USER_PATHS = NO;
				CLANG_ANALYZER_LOCALIZABILITY_NONLOCALIZED = YES;
				CLANG_ANALYZER_NONNULL = YES;
				CLANG_ANALYZER_NUMBER_OBJECT_CONVERSION = YES_AGGRESSIVE;
				CLANG_CXX_LANGUAGE_STANDARD = "gnu++14";
				CLANG_CXX_LIBRARY = "libc++";
				CLANG_ENABLE_MODULES = YES;
				CLANG_ENABLE_OBJC_ARC = YES;
				CLANG_ENABLE_OBJC_WEAK = YES;
				CLANG_WARN_BLOCK_CAPTURE_AUTORELEASING = YES;
				CLANG_WARN_BOOL_CONVERSION = YES;
				CLANG_WARN_COMMA = YES;
				CLANG_WARN_CONSTANT_CONVERSION = YES;
				CLANG_WARN_DEPRECATED_OBJC_IMPLEMENTATIONS = YES;
				CLANG_WARN_DIRECT_OBJC_ISA_USAGE = YES_ERROR;
				CLANG_WARN_DOCUMENTATION_COMMENTS = YES;
				CLANG_WARN_EMPTY_BODY = YES;
				CLANG_WARN_ENUM_CONVERSION = YES;
				CLANG_WARN_INFINITE_RECURSION = YES;
				CLANG_WARN_INT_CONVERSION = YES;
				CLANG_WARN_NON_LITERAL_NULL_CONVERSION = YES;
				CLANG_WARN_OBJC_IMPLICIT_RETAIN_SELF = YES;
				CLANG_WARN_OBJC_LITERAL_CONVERSION = YES;
				CLANG_WARN_OBJC_ROOT_CLASS = YES_ERROR;
				CLANG_WARN_RANGE_LOOP_ANALYSIS = YES;
				CLANG_WARN_STRICT_PROTOTYPES = YES;
				CLANG_WARN_SUSPICIOUS_MOVE = YES;
				CLANG_WARN_UNGUARDED_AVAILABILITY = YES_AGGRESSIVE;
				CLANG_WARN_UNREACHABLE_CODE = YES;
				CLANG_WARN__DUPLICATE_METHOD_MATCH = YES;
				CODE_SIGN_IDENTITY = "iPhone Developer";
				COPY_PHASE_STRIP = NO;
				DEBUG_INFORMATION_FORMAT = dwarf;
				ENABLE_STRICT_OBJC_MSGSEND = YES;
				ENABLE_TESTABILITY = YES;
				GCC_C_LANGUAGE_STANDARD = gnu11;
				GCC_DYNAMIC_NO_PIC = NO;
				GCC_NO_COMMON_BLOCKS = YES;
				GCC_OPTIMIZATION_LEVEL = 0;
				GCC_PREPROCESSOR_DEFINITIONS = (
					"DEBUG=1",
					"$(inherited)",
				);
				GCC_WARN_64_TO_32_BIT_CONVERSION = YES;
				GCC_WARN_ABOUT_RETURN_TYPE = YES_ERROR;
				GCC_WARN_UNDECLARED_SELECTOR = YES;
				GCC_WARN_UNINITIALIZED_AUTOS = YES_AGGRESSIVE;
				GCC_WARN_UNUSED_FUNCTION = YES;
				GCC_WARN_UNUSED_VARIABLE = YES;
				IPHONEOS_DEPLOYMENT_TARGET = 10.0;
				MTL_ENABLE_DEBUG_INFO = INCLUDE_SOURCE;
				MTL_FAST_MATH = YES;
				ONLY_ACTIVE_ARCH = YES;
				SDKROOT = iphoneos;
				SWIFT_ACTIVE_COMPILATION_CONDITIONS = DEBUG;
				SWIFT_OPTIMIZATION_LEVEL = "-Onone";
			};
			name = Debug;
		};
		6766618B227527FF004C886C /* Release */ = {
			isa = XCBuildConfiguration;
			buildSettings = {
				ALWAYS_SEARCH_USER_PATHS = NO;
				CLANG_ANALYZER_LOCALIZABILITY_NONLOCALIZED = YES;
				CLANG_ANALYZER_NONNULL = YES;
				CLANG_ANALYZER_NUMBER_OBJECT_CONVERSION = YES_AGGRESSIVE;
				CLANG_CXX_LANGUAGE_STANDARD = "gnu++14";
				CLANG_CXX_LIBRARY = "libc++";
				CLANG_ENABLE_MODULES = YES;
				CLANG_ENABLE_OBJC_ARC = YES;
				CLANG_ENABLE_OBJC_WEAK = YES;
				CLANG_WARN_BLOCK_CAPTURE_AUTORELEASING = YES;
				CLANG_WARN_BOOL_CONVERSION = YES;
				CLANG_WARN_COMMA = YES;
				CLANG_WARN_CONSTANT_CONVERSION = YES;
				CLANG_WARN_DEPRECATED_OBJC_IMPLEMENTATIONS = YES;
				CLANG_WARN_DIRECT_OBJC_ISA_USAGE = YES_ERROR;
				CLANG_WARN_DOCUMENTATION_COMMENTS = YES;
				CLANG_WARN_EMPTY_BODY = YES;
				CLANG_WARN_ENUM_CONVERSION = YES;
				CLANG_WARN_INFINITE_RECURSION = YES;
				CLANG_WARN_INT_CONVERSION = YES;
				CLANG_WARN_NON_LITERAL_NULL_CONVERSION = YES;
				CLANG_WARN_OBJC_IMPLICIT_RETAIN_SELF = YES;
				CLANG_WARN_OBJC_LITERAL_CONVERSION = YES;
				CLANG_WARN_OBJC_ROOT_CLASS = YES_ERROR;
				CLANG_WARN_RANGE_LOOP_ANALYSIS = YES;
				CLANG_WARN_STRICT_PROTOTYPES = YES;
				CLANG_WARN_SUSPICIOUS_MOVE = YES;
				CLANG_WARN_UNGUARDED_AVAILABILITY = YES_AGGRESSIVE;
				CLANG_WARN_UNREACHABLE_CODE = YES;
				CLANG_WARN__DUPLICATE_METHOD_MATCH = YES;
				CODE_SIGN_IDENTITY = "iPhone Developer";
				COPY_PHASE_STRIP = NO;
				DEBUG_INFORMATION_FORMAT = "dwarf-with-dsym";
				ENABLE_NS_ASSERTIONS = NO;
				ENABLE_STRICT_OBJC_MSGSEND = YES;
				GCC_C_LANGUAGE_STANDARD = gnu11;
				GCC_NO_COMMON_BLOCKS = YES;
				GCC_WARN_64_TO_32_BIT_CONVERSION = YES;
				GCC_WARN_ABOUT_RETURN_TYPE = YES_ERROR;
				GCC_WARN_UNDECLARED_SELECTOR = YES;
				GCC_WARN_UNINITIALIZED_AUTOS = YES_AGGRESSIVE;
				GCC_WARN_UNUSED_FUNCTION = YES;
				GCC_WARN_UNUSED_VARIABLE = YES;
				IPHONEOS_DEPLOYMENT_TARGET = 10.0;
				MTL_ENABLE_DEBUG_INFO = NO;
				MTL_FAST_MATH = YES;
				SDKROOT = iphoneos;
				SWIFT_COMPILATION_MODE = wholemodule;
				SWIFT_OPTIMIZATION_LEVEL = "-O";
				VALIDATE_PRODUCT = YES;
			};
			name = Release;
		};
		6766618D227527FF004C886C /* Debug */ = {
			isa = XCBuildConfiguration;
			baseConfigurationReference = 0F29B6DB666E02B7C3169F94 /* Pods-NyanNyanEngine.debug.xcconfig */;
			buildSettings = {
				ASSETCATALOG_COMPILER_APPICON_NAME = "AppIcon${BUNDLE_ID_SUFFIX}";
				BUNDLE_ID_SUFFIX = .debug;
				CODE_SIGN_ENTITLEMENTS = NyanNyanEngine/NyanNyanEngine.entitlements;
				CODE_SIGN_STYLE = Automatic;
				CURRENT_PROJECT_VERSION = 19;
				DEVELOPMENT_TEAM = K85M397W48;
				INFOPLIST_FILE = NyanNyanEngine/Info.plist;
				LD_RUNPATH_SEARCH_PATHS = (
					"$(inherited)",
					"@executable_path/Frameworks",
				);
				MARKETING_VERSION = 1.5.1;
				PRODUCT_BUNDLE_IDENTIFIER = "com.ntetz.ios.NyanNyanEngine${BUNDLE_ID_SUFFIX}";
				PRODUCT_NAME = "$(TARGET_NAME)";
				SWIFT_VERSION = 5.0;
				TARGETED_DEVICE_FAMILY = "1,2";
			};
			name = Debug;
		};
		6766618E227527FF004C886C /* Release */ = {
			isa = XCBuildConfiguration;
			baseConfigurationReference = 6F7E9C80946FAE4B36BBC437 /* Pods-NyanNyanEngine.release.xcconfig */;
			buildSettings = {
				ASSETCATALOG_COMPILER_APPICON_NAME = "AppIcon${BUNDLE_ID_SUFFIX}";
				BUNDLE_ID_SUFFIX = "";
				CODE_SIGN_ENTITLEMENTS = NyanNyanEngine/NyanNyanEngine.entitlements;
				CODE_SIGN_STYLE = Automatic;
				CURRENT_PROJECT_VERSION = 19;
				DEVELOPMENT_TEAM = K85M397W48;
				INFOPLIST_FILE = NyanNyanEngine/Info.plist;
				LD_RUNPATH_SEARCH_PATHS = (
					"$(inherited)",
					"@executable_path/Frameworks",
				);
				MARKETING_VERSION = 1.5.1;
				PRODUCT_BUNDLE_IDENTIFIER = "com.ntetz.ios.NyanNyanEngine${BUNDLE_ID_SUFFIX}";
				PRODUCT_NAME = "$(TARGET_NAME)";
				SWIFT_ACTIVE_COMPILATION_CONDITIONS = RELEASE;
				SWIFT_VERSION = 5.0;
				TARGETED_DEVICE_FAMILY = "1,2";
			};
			name = Release;
		};
		67666190227527FF004C886C /* Debug */ = {
			isa = XCBuildConfiguration;
			baseConfigurationReference = 2D9B60DCB6563A30CFC41C58 /* Pods-NyanNyanEngineTests.debug.xcconfig */;
			buildSettings = {
				ALWAYS_EMBED_SWIFT_STANDARD_LIBRARIES = YES;
				BUNDLE_LOADER = "$(TEST_HOST)";
				CODE_SIGN_STYLE = Automatic;
				DEVELOPMENT_TEAM = K85M397W48;
				INFOPLIST_FILE = NyanNyanEngineTests/Info.plist;
				LD_RUNPATH_SEARCH_PATHS = (
					"$(inherited)",
					"@executable_path/Frameworks",
					"@loader_path/Frameworks",
				);
				PRODUCT_BUNDLE_IDENTIFIER = com.ntetz.ios.NyanNyanEngineTests;
				PRODUCT_NAME = "$(TARGET_NAME)";
				SWIFT_VERSION = 5.0;
				TARGETED_DEVICE_FAMILY = "1,2";
				TEST_HOST = "$(BUILT_PRODUCTS_DIR)/NyanNyanEngine.app/NyanNyanEngine";
			};
			name = Debug;
		};
		67666191227527FF004C886C /* Release */ = {
			isa = XCBuildConfiguration;
			baseConfigurationReference = 6D8A98757771D333C6941F1B /* Pods-NyanNyanEngineTests.release.xcconfig */;
			buildSettings = {
				ALWAYS_EMBED_SWIFT_STANDARD_LIBRARIES = YES;
				BUNDLE_LOADER = "$(TEST_HOST)";
				CODE_SIGN_STYLE = Automatic;
				DEVELOPMENT_TEAM = K85M397W48;
				INFOPLIST_FILE = NyanNyanEngineTests/Info.plist;
				LD_RUNPATH_SEARCH_PATHS = (
					"$(inherited)",
					"@executable_path/Frameworks",
					"@loader_path/Frameworks",
				);
				PRODUCT_BUNDLE_IDENTIFIER = com.ntetz.ios.NyanNyanEngineTests;
				PRODUCT_NAME = "$(TARGET_NAME)";
				SWIFT_VERSION = 5.0;
				TARGETED_DEVICE_FAMILY = "1,2";
				TEST_HOST = "$(BUILT_PRODUCTS_DIR)/NyanNyanEngine.app/NyanNyanEngine";
			};
			name = Release;
		};
		67666193227527FF004C886C /* Debug */ = {
			isa = XCBuildConfiguration;
			baseConfigurationReference = 45D5095DB642CC4A0D0E048C /* Pods-NyanNyanEngineUITests.debug.xcconfig */;
			buildSettings = {
				ALWAYS_EMBED_SWIFT_STANDARD_LIBRARIES = YES;
				CODE_SIGN_STYLE = Automatic;
				DEVELOPMENT_TEAM = K85M397W48;
				INFOPLIST_FILE = NyanNyanEngineUITests/Info.plist;
				LD_RUNPATH_SEARCH_PATHS = (
					"$(inherited)",
					"@executable_path/Frameworks",
					"@loader_path/Frameworks",
				);
				PRODUCT_BUNDLE_IDENTIFIER = com.ntetz.ios.NyanNyanEngineUITests;
				PRODUCT_NAME = "$(TARGET_NAME)";
				SWIFT_VERSION = 5.0;
				TARGETED_DEVICE_FAMILY = "1,2";
				TEST_TARGET_NAME = NyanNyanEngine;
			};
			name = Debug;
		};
		67666194227527FF004C886C /* Release */ = {
			isa = XCBuildConfiguration;
			baseConfigurationReference = 3E8BDD934F4FAE17734D4EDF /* Pods-NyanNyanEngineUITests.release.xcconfig */;
			buildSettings = {
				ALWAYS_EMBED_SWIFT_STANDARD_LIBRARIES = YES;
				CODE_SIGN_STYLE = Automatic;
				DEVELOPMENT_TEAM = K85M397W48;
				INFOPLIST_FILE = NyanNyanEngineUITests/Info.plist;
				LD_RUNPATH_SEARCH_PATHS = (
					"$(inherited)",
					"@executable_path/Frameworks",
					"@loader_path/Frameworks",
				);
				PRODUCT_BUNDLE_IDENTIFIER = com.ntetz.ios.NyanNyanEngineUITests;
				PRODUCT_NAME = "$(TARGET_NAME)";
				SWIFT_VERSION = 5.0;
				TARGETED_DEVICE_FAMILY = "1,2";
				TEST_TARGET_NAME = NyanNyanEngine;
			};
			name = Release;
		};
/* End XCBuildConfiguration section */

/* Begin XCConfigurationList section */
		6766615C227527FF004C886C /* Build configuration list for PBXProject "NyanNyanEngine" */ = {
			isa = XCConfigurationList;
			buildConfigurations = (
				6766618A227527FF004C886C /* Debug */,
				6766618B227527FF004C886C /* Release */,
			);
			defaultConfigurationIsVisible = 0;
			defaultConfigurationName = Release;
		};
		6766618C227527FF004C886C /* Build configuration list for PBXNativeTarget "NyanNyanEngine" */ = {
			isa = XCConfigurationList;
			buildConfigurations = (
				6766618D227527FF004C886C /* Debug */,
				6766618E227527FF004C886C /* Release */,
			);
			defaultConfigurationIsVisible = 0;
			defaultConfigurationName = Release;
		};
		6766618F227527FF004C886C /* Build configuration list for PBXNativeTarget "NyanNyanEngineTests" */ = {
			isa = XCConfigurationList;
			buildConfigurations = (
				67666190227527FF004C886C /* Debug */,
				67666191227527FF004C886C /* Release */,
			);
			defaultConfigurationIsVisible = 0;
			defaultConfigurationName = Release;
		};
		67666192227527FF004C886C /* Build configuration list for PBXNativeTarget "NyanNyanEngineUITests" */ = {
			isa = XCConfigurationList;
			buildConfigurations = (
				67666193227527FF004C886C /* Debug */,
				67666194227527FF004C886C /* Release */,
			);
			defaultConfigurationIsVisible = 0;
			defaultConfigurationName = Release;
		};
/* End XCConfigurationList section */

/* Begin XCVersionGroup section */
		6766616B227527FF004C886C /* NyanNyanEngine.xcdatamodeld */ = {
			isa = XCVersionGroup;
			children = (
				6766616C227527FF004C886C /* NyanNyanEngine.xcdatamodel */,
			);
			currentVersion = 6766616C227527FF004C886C /* NyanNyanEngine.xcdatamodel */;
			path = NyanNyanEngine.xcdatamodeld;
			sourceTree = "<group>";
			versionGroupType = wrapper.xcdatamodel;
		};
/* End XCVersionGroup section */
	};
	rootObject = 67666159227527FF004C886C /* Project object */;
}
